<?xml version="1.0" encoding="utf-8"?>
<Project ToolsVersion="4.0" xmlns="http://schemas.microsoft.com/developer/msbuild/2003">
  <ItemGroup>
    <Filter Include="Source Files">
      <UniqueIdentifier>{4FC737F1-C7A5-4376-A066-2A32D752A2FF}</UniqueIdentifier>
      <Extensions>cpp;c;cc;cxx;def;odl;idl;hpj;bat;asm;asmx</Extensions>
    </Filter>
    <Filter Include="Header Files">
      <UniqueIdentifier>{93995380-89BD-4b04-88EB-625FBE52EBFB}</UniqueIdentifier>
      <Extensions>h;hh;hpp;hxx;hm;inl;inc;xsd</Extensions>
    </Filter>
    <Filter Include="Resource Files">
      <UniqueIdentifier>{67DA6AB6-F800-4c08-8B7A-83BB121AAD01}</UniqueIdentifier>
      <Extensions>rc;ico;cur;bmp;dlg;rc2;rct;bin;rgs;gif;jpg;jpeg;jpe;resx;tiff;tif;png;wav;mfcribbon-ms</Extensions>
    </Filter>
    <Filter Include="Textures">
      <UniqueIdentifier>{feb2a5df-8546-4cd9-8f10-99f19ceec93c}</UniqueIdentifier>
    </Filter>
    <Filter Include="Shaders">
      <UniqueIdentifier>{e8f8f03b-e777-4ae2-a8e9-8df4caa9cf0f}</UniqueIdentifier>
    </Filter>
  </ItemGroup>
  <ItemGroup>
    <ClCompile Include="source\saphira.cpp">
      <Filter>Source Files</Filter>
    </ClCompile>
    <ClCompile Include="source\glad.c">
      <Filter>Source Files</Filter>
    </ClCompile>
    <ClCompile Include="source\Planet.cpp">
      <Filter>Source Files</Filter>
    </ClCompile>
    <ClCompile Include="source\TexHandler.cpp">
      <Filter>Source Files</Filter>
    </ClCompile>
  </ItemGroup>
  <ItemGroup>
    <ClInclude Include="source\Window.h">
      <Filter>Header Files</Filter>
    </ClInclude>
    <ClInclude Include="source\Shader.h">
      <Filter>Header Files</Filter>
    </ClInclude>
    <ClInclude Include="source\Transforms.h">
      <Filter>Header Files</Filter>
    </ClInclude>
    <ClInclude Include="source\Camera.h">
      <Filter>Header Files</Filter>
    </ClInclude>
    <ClInclude Include="source\Material.h">
      <Filter>Header Files</Filter>
    </ClInclude>
    <ClInclude Include="source\TexHandler.h">
      <Filter>Header Files</Filter>
    </ClInclude>
    <ClInclude Include="source\ObjLoad.h">
      <Filter>Header Files</Filter>
    </ClInclude>
    <ClInclude Include="source\Planet.h">
      <Filter>Header Files</Filter>
    </ClInclude>
    <ClInclude Include="source\SceneObject.h">
      <Filter>Header Files</Filter>
    </ClInclude>
    <ClInclude Include="source\OdeSolver.h">
      <Filter>Header Files</Filter>
    </ClInclude>
    <ClInclude Include="source\Globals.h">
      <Filter>Header Files</Filter>
    </ClInclude>
    <ClInclude Include="source\Spacecraft.h">
      <Filter>Header Files</Filter>
    </ClInclude>
  </ItemGroup>
  <ItemGroup>
    <Image Include="textures\awesomeface.png">
      <Filter>Textures</Filter>
    </Image>
    <Image Include="textures\container.png">
      <Filter>Textures</Filter>
    </Image>
  </ItemGroup>
  <ItemGroup>
    <None Include="shaders\light.frag">
      <Filter>Shaders</Filter>
    </None>
    <None Include="shaders\light.vert">
      <Filter>Shaders</Filter>
    </None>
    <None Include="shaders\DS_1.frag">
      <Filter>Shaders</Filter>
    </None>
    <None Include="shaders\DS_1.vert">
      <Filter>Shaders</Filter>
    </None>
    <None Include="shaders\atmosphere.vert">
      <Filter>Shaders</Filter>
    </None>
    <None Include="shaders\atmosphere.frag">
      <Filter>Shaders</Filter>
    </None>
    <None Include="shaders\line.vert">
      <Filter>Shaders</Filter>
    </None>
    <None Include="shaders\line.frag">
      <Filter>Shaders</Filter>
    </None>
  </ItemGroup>
</Project>